
Microsoft Visual Studio Solution File, Format Version 12.00
# Visual Studio Version 17
VisualStudioVersion = 17.6.33829.357
MinimumVisualStudioVersion = 10.0.40219.1
Project("{FAE04EC0-301F-11D3-BF4B-00C04F79EFBC}") = "SolidPrinciples", "SolidPrinciples\SolidPrinciples.csproj", "{94E9811B-31B8-44EB-9533-6AE3787AB0EB}"
EndProject
Global
	GlobalSection(SolutionConfigurationPlatforms) = preSolution
		Debug|Any CPU = Debug|Any CPU
		Release|Any CPU = Release|Any CPU
	EndGlobalSection
	GlobalSection(ProjectConfigurationPlatforms) = postSolution
		{94E9811B-31B8-44EB-9533-6AE3787AB0EB}.Debug|Any CPU.ActiveCfg = Debug|Any CPU
		{94E9811B-31B8-44EB-9533-6AE3787AB0EB}.Debug|Any CPU.Build.0 = Debug|Any CPU
		{94E9811B-31B8-44EB-9533-6AE3787AB0EB}.Release|Any CPU.ActiveCfg = Release|Any CPU
		{94E9811B-31B8-44EB-9533-6AE3787AB0EB}.Release|Any CPU.Build.0 = Release|Any CPU
	EndGlobalSection
	GlobalSection(SolutionProperties) = preSolution
		HideSolutionNode = FALSE
	EndGlobalSection
	GlobalSection(ExtensibilityGlobals) = postSolution
		SolutionGuid = {4AD37BB7-121C-46AF-BF03-BB655B45435F}
	EndGlobalSection
EndGlobal
